
Microsoft Visual Studio Solution File, Format Version 12.00
Project("{FAE04EC0-301F-11D3-BF4B-00C04F79EFBC}") = "DemoPusher", "DemoPusher\DemoPusher.csproj", "{49E93E48-5A8D-4912-8A4E-ACE103CD9847}"
EndProject
Project("{FAE04EC0-301F-11D3-BF4B-00C04F79EFBC}") = "Platform", "Platform\Platform.csproj", "{6E076A2E-CA47-4265-9CC2-6A921A4C0C3B}"
EndProject
Project("{FAE04EC0-301F-11D3-BF4B-00C04F79EFBC}") = "RoboNode", "RoboNode\RoboNode.csproj", "{B91145D0-D6C2-4B12-8EBC-4BD95DAAB536}"
EndProject
Global
	GlobalSection(SolutionConfigurationPlatforms) = preSolution
		Debug|Any CPU = Debug|Any CPU
		Release|Any CPU = Release|Any CPU
	EndGlobalSection
	GlobalSection(ProjectConfigurationPlatforms) = postSolution
		{49E93E48-5A8D-4912-8A4E-ACE103CD9847}.Debug|Any CPU.ActiveCfg = Debug|Any CPU
		{49E93E48-5A8D-4912-8A4E-ACE103CD9847}.Debug|Any CPU.Build.0 = Debug|Any CPU
		{49E93E48-5A8D-4912-8A4E-ACE103CD9847}.Release|Any CPU.ActiveCfg = Release|Any CPU
		{49E93E48-5A8D-4912-8A4E-ACE103CD9847}.Release|Any CPU.Build.0 = Release|Any CPU
		{6E076A2E-CA47-4265-9CC2-6A921A4C0C3B}.Debug|Any CPU.ActiveCfg = Debug|Any CPU
		{6E076A2E-CA47-4265-9CC2-6A921A4C0C3B}.Debug|Any CPU.Build.0 = Debug|Any CPU
		{6E076A2E-CA47-4265-9CC2-6A921A4C0C3B}.Release|Any CPU.ActiveCfg = Release|Any CPU
		{6E076A2E-CA47-4265-9CC2-6A921A4C0C3B}.Release|Any CPU.Build.0 = Release|Any CPU
		{B91145D0-D6C2-4B12-8EBC-4BD95DAAB536}.Debug|Any CPU.ActiveCfg = Debug|Any CPU
		{B91145D0-D6C2-4B12-8EBC-4BD95DAAB536}.Debug|Any CPU.Build.0 = Debug|Any CPU
		{B91145D0-D6C2-4B12-8EBC-4BD95DAAB536}.Release|Any CPU.ActiveCfg = Release|Any CPU
		{B91145D0-D6C2-4B12-8EBC-4BD95DAAB536}.Release|Any CPU.Build.0 = Release|Any CPU
	EndGlobalSection
EndGlobal
